
Microsoft Visual Studio Solution File, Format Version 12.00
# Visual Studio Version 17
VisualStudioVersion = 17.4.33122.133
MinimumVisualStudioVersion = 10.0.40219.1
Project("{FAE04EC0-301F-11D3-BF4B-00C04F79EFBC}") = "Recipe_Management_System", "Recipe_Management_System\Recipe_Management_System.csproj", "{B1B39FAF-8DF8-4AE3-B4B8-1EF3762F516D}"
EndProject
Global
	GlobalSection(SolutionConfigurationPlatforms) = preSolution
		Debug|Any CPU = Debug|Any CPU
		Release|Any CPU = Release|Any CPU
	EndGlobalSection
	GlobalSection(ProjectConfigurationPlatforms) = postSolution
		{B1B39FAF-8DF8-4AE3-B4B8-1EF3762F516D}.Debug|Any CPU.ActiveCfg = Debug|Any CPU
		{B1B39FAF-8DF8-4AE3-B4B8-1EF3762F516D}.Debug|Any CPU.Build.0 = Debug|Any CPU
		{B1B39FAF-8DF8-4AE3-B4B8-1EF3762F516D}.Release|Any CPU.ActiveCfg = Release|Any CPU
		{B1B39FAF-8DF8-4AE3-B4B8-1EF3762F516D}.Release|Any CPU.Build.0 = Release|Any CPU
	EndGlobalSection
	GlobalSection(SolutionProperties) = preSolution
		HideSolutionNode = FALSE
	EndGlobalSection
	GlobalSection(ExtensibilityGlobals) = postSolution
		SolutionGuid = {6F66428C-7CA2-46A3-9E01-9A3E5500F3EF}
	EndGlobalSection
EndGlobal
